<?xml version="1.0" encoding="utf-8"?>
<Project ToolsVersion="4.0" xmlns="http://schemas.microsoft.com/developer/msbuild/2003">
  <ItemGroup>
    <Filter Include="Source Files">
      <UniqueIdentifier>{4FC737F1-C7A5-4376-A066-2A32D752A2FF}</UniqueIdentifier>
      <Extensions>cpp;c;cc;cxx;def;odl;idl;hpj;bat;asm;asmx</Extensions>
    </Filter>
    <Filter Include="Header Files">
      <UniqueIdentifier>{93995380-89BD-4b04-88EB-625FBE52EBFB}</UniqueIdentifier>
      <Extensions>h;hh;hpp;hxx;hm;inl;inc;ipp;xsd</Extensions>
    </Filter>
    <Filter Include="Resource Files">
      <UniqueIdentifier>{67DA6AB6-F800-4c08-8B7A-83BB121AAD01}</UniqueIdentifier>
      <Extensions>rc;ico;cur;bmp;dlg;rc2;rct;bin;rgs;gif;jpg;jpeg;jpe;resx;tiff;tif;png;wav;mfcribbon-ms</Extensions>
    </Filter>
    <Filter Include="Header Files\Actions">
      <UniqueIdentifier>{eb8811cf-fa60-41fc-8cb4-7c11f899aef0}</UniqueIdentifier>
    </Filter>
    <Filter Include="Header Files\World">
      <UniqueIdentifier>{2b499fff-1aab-4640-a4f8-4dd9cc51bb2f}</UniqueIdentifier>
    </Filter>
    <Filter Include="Header Files\Window">
      <UniqueIdentifier>{4cd9a27d-f4fe-4881-b562-ba263bd03e47}</UniqueIdentifier>
    </Filter>
    <Filter Include="Source Files\Window">
      <UniqueIdentifier>{449c9196-c5e3-46f0-af70-b9cdfce2b026}</UniqueIdentifier>
    </Filter>
    <Filter Include="Source Files\World">
      <UniqueIdentifier>{3efd4a51-2f65-4213-bcb1-9da6e5af5c09}</UniqueIdentifier>
    </Filter>
    <Filter Include="Header Files\World\Collision">
      <UniqueIdentifier>{4fbf7176-b2c2-4cec-be88-90592a1ca0a7}</UniqueIdentifier>
    </Filter>
    <Filter Include="Source Files\World\Collision">
      <UniqueIdentifier>{dc7cf64f-bdac-4e14-8a25-0483197ba7af}</UniqueIdentifier>
    </Filter>
  </ItemGroup>
  <ItemGroup>
    <ClCompile Include="main.cpp">
      <Filter>Source Files</Filter>
    </ClCompile>
    <ClCompile Include="Bounds.cpp">
      <Filter>Source Files\World\Collision</Filter>
    </ClCompile>
    <ClCompile Include="GridSection.cpp">
      <Filter>Source Files\World\Collision</Filter>
    </ClCompile>
    <ClCompile Include="CollisionGrid.cpp">
      <Filter>Source Files\World\Collision</Filter>
    </ClCompile>
    <ClCompile Include="Grid.cpp">
      <Filter>Source Files\World\Collision</Filter>
    </ClCompile>
    <ClCompile Include="Force.cpp">
      <Filter>Source Files\World</Filter>
    </ClCompile>
    <ClCompile Include="Object.cpp">
      <Filter>Source Files\World</Filter>
    </ClCompile>
    <ClCompile Include="World2D.cpp">
      <Filter>Source Files\World</Filter>
    </ClCompile>
    <ClCompile Include="TimeAndFrameRate.cpp">
      <Filter>Source Files\Window</Filter>
    </ClCompile>
    <ClCompile Include="InputAction.cpp">
      <Filter>Source Files\Window</Filter>
    </ClCompile>
    <ClCompile Include="InputProcessor.cpp">
      <Filter>Source Files\Window</Filter>
    </ClCompile>
    <ClCompile Include="SimpleWindow.cpp">
      <Filter>Source Files\Window</Filter>
    </ClCompile>
    <ClCompile Include="RenderAction.cpp">
      <Filter>Source Files\Window</Filter>
    </ClCompile>
    <ClCompile Include="ToggleFramerate.cpp">
      <Filter>Source Files\Window</Filter>
    </ClCompile>
    <ClCompile Include="Action.cpp">
      <Filter>Source Files</Filter>
    </ClCompile>
    <ClCompile Include="Direction.cpp">
      <Filter>Source Files\World\Collision</Filter>
    </ClCompile>
    <ClCompile Include="Pair.cpp">
      <Filter>Source Files\World</Filter>
    </ClCompile>
    <ClCompile Include="WorldMeta.cpp">
      <Filter>Source Files</Filter>
    </ClCompile>
    <ClCompile Include="Corners.cpp">
      <Filter>Source Files\World\Collision</Filter>
    </ClCompile>
    <ClCompile Include="ThreadPool.cpp">
      <Filter>Source Files</Filter>
    </ClCompile>
    <ClCompile Include="Task.cpp">
      <Filter>Source Files</Filter>
    </ClCompile>
  </ItemGroup>
  <ItemGroup>
    <ClInclude Include="Action.h">
      <Filter>Header Files</Filter>
    </ClInclude>
    <ClInclude Include="RenderAction.h">
      <Filter>Header Files\Window</Filter>
    </ClInclude>
    <ClInclude Include="ToggleFramerate.h">
      <Filter>Header Files\Window</Filter>
    </ClInclude>
    <ClInclude Include="InputAction.h">
      <Filter>Header Files\Window</Filter>
    </ClInclude>
    <ClInclude Include="InputProcessor.h">
      <Filter>Header Files\Window</Filter>
    </ClInclude>
    <ClInclude Include="TimeAndFrameRate.h">
      <Filter>Header Files\Window</Filter>
    </ClInclude>
    <ClInclude Include="Force.h">
      <Filter>Header Files\World</Filter>
    </ClInclude>
    <ClInclude Include="Object.h">
      <Filter>Header Files\World</Filter>
    </ClInclude>
    <ClInclude Include="World2D.h">
      <Filter>Header Files\World</Filter>
    </ClInclude>
    <ClInclude Include="UtilityMethods.h">
      <Filter>Header Files</Filter>
    </ClInclude>
    <ClInclude Include="SimpleWindow.h">
      <Filter>Header Files\Window</Filter>
    </ClInclude>
    <ClInclude Include="Bounds.h">
      <Filter>Header Files\World\Collision</Filter>
    </ClInclude>
    <ClInclude Include="CollisionGrid.h">
      <Filter>Header Files\World\Collision</Filter>
    </ClInclude>
    <ClInclude Include="Grid.h">
      <Filter>Header Files\World\Collision</Filter>
    </ClInclude>
    <ClInclude Include="GridSection.h">
      <Filter>Header Files\World\Collision</Filter>
    </ClInclude>
    <ClInclude Include="Direction.h">
      <Filter>Header Files\World\Collision</Filter>
    </ClInclude>
    <ClInclude Include="Pair.h">
      <Filter>Header Files\World</Filter>
    </ClInclude>
    <ClInclude Include="WorldMeta.h">
      <Filter>Header Files</Filter>
    </ClInclude>
    <ClInclude Include="Corners.h">
      <Filter>Header Files\World\Collision</Filter>
    </ClInclude>
    <ClInclude Include="ThreadPool.h">
      <Filter>Header Files</Filter>
    </ClInclude>
    <ClInclude Include="Task.h">
      <Filter>Header Files</Filter>
    </ClInclude>
  </ItemGroup>
</Project>